
Microsoft Visual Studio Solution File, Format Version 12.00
# Visual Studio Version 16
VisualStudioVersion = 16.0.30503.244
MinimumVisualStudioVersion = 10.0.40219.1
Project("{FAE04EC0-301F-11D3-BF4B-00C04F79EFBC}") = "DefinitelyNotFlappyBird", "FlappyBird\DefinitelyNotFlappyBird.csproj", "{BED9DAE6-FD41-4299-AADD-7D052F849FA6}"
EndProject
Global
	GlobalSection(SolutionConfigurationPlatforms) = preSolution
		Debug|Any CPU = Debug|Any CPU
		Release|Any CPU = Release|Any CPU
	EndGlobalSection
	GlobalSection(ProjectConfigurationPlatforms) = postSolution
		{BED9DAE6-FD41-4299-AADD-7D052F849FA6}.Debug|Any CPU.ActiveCfg = Debug|Any CPU
		{BED9DAE6-FD41-4299-AADD-7D052F849FA6}.Debug|Any CPU.Build.0 = Debug|Any CPU
		{BED9DAE6-FD41-4299-AADD-7D052F849FA6}.Release|Any CPU.ActiveCfg = Release|Any CPU
		{BED9DAE6-FD41-4299-AADD-7D052F849FA6}.Release|Any CPU.Build.0 = Release|Any CPU
	EndGlobalSection
	GlobalSection(SolutionProperties) = preSolution
		HideSolutionNode = FALSE
	EndGlobalSection
	GlobalSection(ExtensibilityGlobals) = postSolution
		SolutionGuid = {043EF269-9632-4003-A783-60BA8BE8322A}
	EndGlobalSection
EndGlobal
